
Microsoft Visual Studio Solution File, Format Version 12.00
# Visual Studio Version 16
VisualStudioVersion = 16.0.30011.22
MinimumVisualStudioVersion = 10.0.40219.1
Project("{9A19103F-16F7-4668-BE54-9A1E7A4F7556}") = "BookingApi", "BookingApi\BookingApi.csproj", "{E664B72A-11D0-42E8-933A-93ABFC8234C0}"
EndProject
Project("{FAE04EC0-301F-11D3-BF4B-00C04F79EFBC}") = "BookingTest", "BookingTest\BookingTest.csproj", "{3C765A5A-D6BE-47F1-84F1-57559AEA5617}"
EndProject
Global
	GlobalSection(SolutionConfigurationPlatforms) = preSolution
		Debug|Any CPU = Debug|Any CPU
		Release|Any CPU = Release|Any CPU
	EndGlobalSection
	GlobalSection(ProjectConfigurationPlatforms) = postSolution
		{E664B72A-11D0-42E8-933A-93ABFC8234C0}.Debug|Any CPU.ActiveCfg = Debug|Any CPU
		{E664B72A-11D0-42E8-933A-93ABFC8234C0}.Debug|Any CPU.Build.0 = Debug|Any CPU
		{E664B72A-11D0-42E8-933A-93ABFC8234C0}.Release|Any CPU.ActiveCfg = Release|Any CPU
		{E664B72A-11D0-42E8-933A-93ABFC8234C0}.Release|Any CPU.Build.0 = Release|Any CPU
		{3C765A5A-D6BE-47F1-84F1-57559AEA5617}.Debug|Any CPU.ActiveCfg = Debug|Any CPU
		{3C765A5A-D6BE-47F1-84F1-57559AEA5617}.Debug|Any CPU.Build.0 = Debug|Any CPU
		{3C765A5A-D6BE-47F1-84F1-57559AEA5617}.Release|Any CPU.ActiveCfg = Release|Any CPU
		{3C765A5A-D6BE-47F1-84F1-57559AEA5617}.Release|Any CPU.Build.0 = Release|Any CPU
	EndGlobalSection
	GlobalSection(SolutionProperties) = preSolution
		HideSolutionNode = FALSE
	EndGlobalSection
	GlobalSection(ExtensibilityGlobals) = postSolution
		SolutionGuid = {44ED9504-3172-4DAD-B8E4-E3B931A963D3}
	EndGlobalSection
EndGlobal
